<?xml version="1.0" encoding="utf-8"?>
<Project ToolsVersion="4.0" xmlns="http://schemas.microsoft.com/developer/msbuild/2003">
  <ItemGroup>
    <Filter Include="ColdBrew">
      <UniqueIdentifier>{573293B4-43FF-EDBF-6C18-DC675844234E}</UniqueIdentifier>
    </Filter>
  </ItemGroup>
  <ItemGroup>
    <ClInclude Include="src\ColdBrew.h" />
    <ClInclude Include="src\ColdBrew\Application.h">
      <Filter>ColdBrew</Filter>
    </ClInclude>
    <ClInclude Include="src\ColdBrew\Core.h">
      <Filter>ColdBrew</Filter>
    </ClInclude>
    <ClInclude Include="src\ColdBrew\Log.h">
      <Filter>ColdBrew</Filter>
    </ClInclude>
  </ItemGroup>
  <ItemGroup>
    <ClCompile Include="src\ColdBrew\Application.cpp">
      <Filter>ColdBrew</Filter>
    </ClCompile>
    <ClCompile Include="src\ColdBrew\Log.cpp">
      <Filter>ColdBrew</Filter>
    </ClCompile>
  </ItemGroup>
</Project>